// !$*UTF8*$!
{
	archiveVersion = 1;
	classes = {
	};
	objectVersion = 51;
	objects = {

/* Begin PBXBuildFile section */
		106D755D22BE04B700257427 /* AppDelegate.swift in Sources */ = {isa = PBXBuildFile; fileRef = 106D755C22BE04B700257427 /* AppDelegate.swift */; };
		106D755F22BE04B700257427 /* ViewController.swift in Sources */ = {isa = PBXBuildFile; fileRef = 106D755E22BE04B700257427 /* ViewController.swift */; };
		106D756222BE04B700257427 /* Main.storyboard in Resources */ = {isa = PBXBuildFile; fileRef = 106D756022BE04B700257427 /* Main.storyboard */; };
		106D756422BE04B800257427 /* Assets.xcassets in Resources */ = {isa = PBXBuildFile; fileRef = 106D756322BE04B800257427 /* Assets.xcassets */; };
		106D757222BE138800257427 /* ViewControllerMap.swift in Sources */ = {isa = PBXBuildFile; fileRef = 106D757122BE138800257427 /* ViewControllerMap.swift */; };
		12738638C2D79F62E1E8C5B6 /* Pods_tvos_weather.framework in Frameworks */ = {isa = PBXBuildFile; fileRef = 52FC002889944301DC4D0A92 /* Pods_tvos_weather.framework */; };
/* End PBXBuildFile section */

/* Begin PBXFileReference section */
		106D755922BE04B700257427 /* tvos-weather.app */ = {isa = PBXFileReference; explicitFileType = wrapper.application; includeInIndex = 0; path = "tvos-weather.app"; sourceTree = BUILT_PRODUCTS_DIR; };
		106D755C22BE04B700257427 /* AppDelegate.swift */ = {isa = PBXFileReference; lastKnownFileType = sourcecode.swift; path = AppDelegate.swift; sourceTree = "<group>"; };
		106D755E22BE04B700257427 /* ViewController.swift */ = {isa = PBXFileReference; lastKnownFileType = sourcecode.swift; path = ViewController.swift; sourceTree = "<group>"; };
		106D756122BE04B700257427 /* Base */ = {isa = PBXFileReference; lastKnownFileType = file.storyboard; name = Base; path = Base.lproj/Main.storyboard; sourceTree = "<group>"; };
		106D756322BE04B800257427 /* Assets.xcassets */ = {isa = PBXFileReference; lastKnownFileType = folder.assetcatalog; path = Assets.xcassets; sourceTree = "<group>"; };
		106D756522BE04B800257427 /* Info.plist */ = {isa = PBXFileReference; lastKnownFileType = text.plist.xml; path = Info.plist; sourceTree = "<group>"; };
		106D757122BE138800257427 /* ViewControllerMap.swift */ = {isa = PBXFileReference; lastKnownFileType = sourcecode.swift; path = ViewControllerMap.swift; sourceTree = "<group>"; };
		52FC002889944301DC4D0A92 /* Pods_tvos_weather.framework */ = {isa = PBXFileReference; explicitFileType = wrapper.framework; includeInIndex = 0; path = Pods_tvos_weather.framework; sourceTree = BUILT_PRODUCTS_DIR; };
		AE739935001504009C2F2FCE /* Pods-tvos-weather.release.xcconfig */ = {isa = PBXFileReference; includeInIndex = 1; lastKnownFileType = text.xcconfig; name = "Pods-tvos-weather.release.xcconfig"; path = "Target Support Files/Pods-tvos-weather/Pods-tvos-weather.release.xcconfig"; sourceTree = "<group>"; };
		F2564B31527BAA195AE42527 /* Pods-tvos-weather.debug.xcconfig */ = {isa = PBXFileReference; includeInIndex = 1; lastKnownFileType = text.xcconfig; name = "Pods-tvos-weather.debug.xcconfig"; path = "Target Support Files/Pods-tvos-weather/Pods-tvos-weather.debug.xcconfig"; sourceTree = "<group>"; };
/* End PBXFileReference section */

/* Begin PBXFrameworksBuildPhase section */
		106D755622BE04B700257427 /* Frameworks */ = {
			isa = PBXFrameworksBuildPhase;
			buildActionMask = 2147483647;
			files = (
				12738638C2D79F62E1E8C5B6 /* Pods_tvos_weather.framework in Frameworks */,
			);
			runOnlyForDeploymentPostprocessing = 0;
		};
/* End PBXFrameworksBuildPhase section */

/* Begin PBXGroup section */
		106D755022BE04B700257427 = {
			isa = PBXGroup;
			children = (
				106D755B22BE04B700257427 /* tvos-weather */,
				106D755A22BE04B700257427 /* Products */,
				E0C3E8CD2BA6E8996F309A12 /* Pods */,
				546C8C3B252A45F491F495F2 /* Frameworks */,
			);
			sourceTree = "<group>";
		};
		106D755A22BE04B700257427 /* Products */ = {
			isa = PBXGroup;
			children = (
				106D755922BE04B700257427 /* tvos-weather.app */,
			);
			name = Products;
			sourceTree = "<group>";
		};
		106D755B22BE04B700257427 /* tvos-weather */ = {
			isa = PBXGroup;
			children = (
				106D755C22BE04B700257427 /* AppDelegate.swift */,
				106D755E22BE04B700257427 /* ViewController.swift */,
				106D757122BE138800257427 /* ViewControllerMap.swift */,
				106D756022BE04B700257427 /* Main.storyboard */,
				106D756322BE04B800257427 /* Assets.xcassets */,
				106D756522BE04B800257427 /* Info.plist */,
			);
			path = "tvos-weather";
			sourceTree = "<group>";
		};
		546C8C3B252A45F491F495F2 /* Frameworks */ = {
			isa = PBXGroup;
			children = (
				52FC002889944301DC4D0A92 /* Pods_tvos_weather.framework */,
			);
			name = Frameworks;
			sourceTree = "<group>";
		};
		E0C3E8CD2BA6E8996F309A12 /* Pods */ = {
			isa = PBXGroup;
			children = (
				F2564B31527BAA195AE42527 /* Pods-tvos-weather.debug.xcconfig */,
				AE739935001504009C2F2FCE /* Pods-tvos-weather.release.xcconfig */,
			);
			path = Pods;
			sourceTree = "<group>";
		};
/* End PBXGroup section */

/* Begin PBXNativeTarget section */
		106D755822BE04B700257427 /* tvos-weather */ = {
			isa = PBXNativeTarget;
			buildConfigurationList = 106D756822BE04B800257427 /* Build configuration list for PBXNativeTarget "tvos-weather" */;
			buildPhases = (
				7BD48848CFD444D3D43BAF32 /* [CP] Check Pods Manifest.lock */,
				106D755522BE04B700257427 /* Sources */,
				106D755622BE04B700257427 /* Frameworks */,
				106D755722BE04B700257427 /* Resources */,
				F25F434ECFE09441A7DD48E7 /* [CP] Embed Pods Frameworks */,
			);
			buildRules = (
			);
			dependencies = (
			);
			name = "tvos-weather";
			productName = "tvos-weather";
			productReference = 106D755922BE04B700257427 /* tvos-weather.app */;
			productType = "com.apple.product-type.application";
		};
/* End PBXNativeTarget section */

/* Begin PBXProject section */
		106D755122BE04B700257427 /* Project object */ = {
			isa = PBXProject;
			attributes = {
				LastSwiftUpdateCheck = 1020;
				LastUpgradeCheck = 1020;
				ORGANIZATIONNAME = WSR;
				TargetAttributes = {
					106D755822BE04B700257427 = {
						CreatedOnToolsVersion = 10.2.1;
					};
				};
			};
			buildConfigurationList = 106D755422BE04B700257427 /* Build configuration list for PBXProject "tvos-weather" */;
			compatibilityVersion = "Xcode 9.3";
			developmentRegion = en;
			hasScannedForEncodings = 0;
			knownRegions = (
				en,
				Base,
			);
			mainGroup = 106D755022BE04B700257427;
			productRefGroup = 106D755A22BE04B700257427 /* Products */;
			projectDirPath = "";
			projectRoot = "";
			targets = (
				106D755822BE04B700257427 /* tvos-weather */,
			);
		};
/* End PBXProject section */

/* Begin PBXResourcesBuildPhase section */
		106D755722BE04B700257427 /* Resources */ = {
			isa = PBXResourcesBuildPhase;
			buildActionMask = 2147483647;
			files = (
				106D756422BE04B800257427 /* Assets.xcassets in Resources */,
				106D756222BE04B700257427 /* Main.storyboard in Resources */,
			);
			runOnlyForDeploymentPostprocessing = 0;
		};
/* End PBXResourcesBuildPhase section */

/* Begin PBXShellScriptBuildPhase section */
		7BD48848CFD444D3D43BAF32 /* [CP] Check Pods Manifest.lock */ = {
			isa = PBXShellScriptBuildPhase;
			buildActionMask = 2147483647;
			files = (
			);
			inputFileListPaths = (
			);
			inputPaths = (
				"${PODS_PODFILE_DIR_PATH}/Podfile.lock",
				"${PODS_ROOT}/Manifest.lock",
			);
			name = "[CP] Check Pods Manifest.lock";
			outputFileListPaths = (
			);
			outputPaths = (
				"$(DERIVED_FILE_DIR)/Pods-tvos-weather-checkManifestLockResult.txt",
			);
			runOnlyForDeploymentPostprocessing = 0;
			shellPath = /bin/sh;
			shellScript = "diff \"${PODS_PODFILE_DIR_PATH}/Podfile.lock\" \"${PODS_ROOT}/Manifest.lock\" > /dev/null\nif [ $? != 0 ] ; then\n    # print error to STDERR\n    echo \"error: The sandbox is not in sync with the Podfile.lock. Run 'pod install' or update your CocoaPods installation.\" >&2\n    exit 1\nfi\n# This output is used by Xcode 'outputs' to avoid re-running this script phase.\necho \"SUCCESS\" > \"${SCRIPT_OUTPUT_FILE_0}\"\n";
			showEnvVarsInLog = 0;
		};
		F25F434ECFE09441A7DD48E7 /* [CP] Embed Pods Frameworks */ = {
			isa = PBXShellScriptBuildPhase;
			buildActionMask = 2147483647;
			files = (
			);
			inputFileListPaths = (
				"${PODS_ROOT}/Target Support Files/Pods-tvos-weather/Pods-tvos-weather-frameworks-${CONFIGURATION}-input-files.xcfilelist",
			);
			name = "[CP] Embed Pods Frameworks";
			outputFileListPaths = (
				"${PODS_ROOT}/Target Support Files/Pods-tvos-weather/Pods-tvos-weather-frameworks-${CONFIGURATION}-output-files.xcfilelist",
			);
			runOnlyForDeploymentPostprocessing = 0;
			shellPath = /bin/sh;
			shellScript = "\"${PODS_ROOT}/Target Support Files/Pods-tvos-weather/Pods-tvos-weather-frameworks.sh\"\n";
			showEnvVarsInLog = 0;
		};
/* End PBXShellScriptBuildPhase section */

/* Begin PBXSourcesBuildPhase section */
		106D755522BE04B700257427 /* Sources */ = {
			isa = PBXSourcesBuildPhase;
			buildActionMask = 2147483647;
			files = (
				106D755F22BE04B700257427 /* ViewController.swift in Sources */,
				106D755D22BE04B700257427 /* AppDelegate.swift in Sources */,
				106D757222BE138800257427 /* ViewControllerMap.swift in Sources */,
			);
			runOnlyForDeploymentPostprocessing = 0;
		};
/* End PBXSourcesBuildPhase section */

/* Begin PBXVariantGroup section */
		106D756022BE04B700257427 /* Main.storyboard */ = {
			isa = PBXVariantGroup;
			children = (
				106D756122BE04B700257427 /* Base */,
			);
			name = Main.storyboard;
			sourceTree = "<group>";
		};
/* End PBXVariantGroup section */

/* Begin XCBuildConfiguration section */
		106D756622BE04B800257427 /* Debug */ = {
			isa = XCBuildConfiguration;
			buildSettings = {
				ALWAYS_SEARCH_USER_PATHS = NO;
				CLANG_ANALYZER_NONNULL = YES;
				CLANG_ANALYZER_NUMBER_OBJECT_CONVERSION = YES_AGGRESSIVE;
				CLANG_CXX_LANGUAGE_STANDARD = "gnu++14";
				CLANG_CXX_LIBRARY = "libc++";
				CLANG_ENABLE_MODULES = YES;
				CLANG_ENABLE_OBJC_ARC = YES;
				CLANG_ENABLE_OBJC_WEAK = YES;
				CLANG_WARN_BLOCK_CAPTURE_AUTORELEASING = YES;
				CLANG_WARN_BOOL_CONVERSION = YES;
				CLANG_WARN_COMMA = YES;
				CLANG_WARN_CONSTANT_CONVERSION = YES;
				CLANG_WARN_DEPRECATED_OBJC_IMPLEMENTATIONS = YES;
				CLANG_WARN_DIRECT_OBJC_ISA_USAGE = YES_ERROR;
				CLANG_WARN_DOCUMENTATION_COMMENTS = YES;
				CLANG_WARN_EMPTY_BODY = YES;
				CLANG_WARN_ENUM_CONVERSION = YES;
				CLANG_WARN_INFINITE_RECURSION = YES;
				CLANG_WARN_INT_CONVERSION = YES;
				CLANG_WARN_NON_LITERAL_NULL_CONVERSION = YES;
				CLANG_WARN_OBJC_IMPLICIT_RETAIN_SELF = YES;
				CLANG_WARN_OBJC_LITERAL_CONVERSION = YES;
				CLANG_WARN_OBJC_ROOT_CLASS = YES_ERROR;
				CLANG_WARN_RANGE_LOOP_ANALYSIS = YES;
				CLANG_WARN_STRICT_PROTOTYPES = YES;
				CLANG_WARN_SUSPICIOUS_MOVE = YES;
				CLANG_WARN_UNGUARDED_AVAILABILITY = YES_AGGRESSIVE;
				CLANG_WARN_UNREACHABLE_CODE = YES;
				CLANG_WARN__DUPLICATE_METHOD_MATCH = YES;
				COPY_PHASE_STRIP = NO;
				DEBUG_INFORMATION_FORMAT = dwarf;
				ENABLE_STRICT_OBJC_MSGSEND = YES;
				ENABLE_TESTABILITY = YES;
				GCC_C_LANGUAGE_STANDARD = gnu11;
				GCC_DYNAMIC_NO_PIC = NO;
				GCC_NO_COMMON_BLOCKS = YES;
				GCC_OPTIMIZATION_LEVEL = 0;
				GCC_PREPROCESSOR_DEFINITIONS = (
					"DEBUG=1",
					"$(inherited)",
				);
				GCC_WARN_64_TO_32_BIT_CONVERSION = YES;
				GCC_WARN_ABOUT_RETURN_TYPE = YES_ERROR;
				GCC_WARN_UNDECLARED_SELECTOR = YES;
				GCC_WARN_UNINITIALIZED_AUTOS = YES_AGGRESSIVE;
				GCC_WARN_UNUSED_FUNCTION = YES;
				GCC_WARN_UNUSED_VARIABLE = YES;
				MTL_ENABLE_DEBUG_INFO = INCLUDE_SOURCE;
				MTL_FAST_MATH = YES;
				ONLY_ACTIVE_ARCH = YES;
				SDKROOT = appletvos;
				SWIFT_ACTIVE_COMPILATION_CONDITIONS = DEBUG;
				SWIFT_OPTIMIZATION_LEVEL = "-Onone";
				TVOS_DEPLOYMENT_TARGET = 12.2;
			};
			name = Debug;
		};
		106D756722BE04B800257427 /* Release */ = {
			isa = XCBuildConfiguration;
			buildSettings = {
				ALWAYS_SEARCH_USER_PATHS = NO;
				CLANG_ANALYZER_NONNULL = YES;
				CLANG_ANALYZER_NUMBER_OBJECT_CONVERSION = YES_AGGRESSIVE;
				CLANG_CXX_LANGUAGE_STANDARD = "gnu++14";
				CLANG_CXX_LIBRARY = "libc++";
				CLANG_ENABLE_MODULES = YES;
				CLANG_ENABLE_OBJC_ARC = YES;
				CLANG_ENABLE_OBJC_WEAK = YES;
				CLANG_WARN_BLOCK_CAPTURE_AUTORELEASING = YES;
				CLANG_WARN_BOOL_CONVERSION = YES;
				CLANG_WARN_COMMA = YES;
				CLANG_WARN_CONSTANT_CONVERSION = YES;
				CLANG_WARN_DEPRECATED_OBJC_IMPLEMENTATIONS = YES;
				CLANG_WARN_DIRECT_OBJC_ISA_USAGE = YES_ERROR;
				CLANG_WARN_DOCUMENTATION_COMMENTS = YES;
				CLANG_WARN_EMPTY_BODY = YES;
				CLANG_WARN_ENUM_CONVERSION = YES;
				CLANG_WARN_INFINITE_RECURSION = YES;
				CLANG_WARN_INT_CONVERSION = YES;
				CLANG_WARN_NON_LITERAL_NULL_CONVERSION = YES;
				CLANG_WARN_OBJC_IMPLICIT_RETAIN_SELF = YES;
				CLANG_WARN_OBJC_LITERAL_CONVERSION = YES;
				CLANG_WARN_OBJC_ROOT_CLASS = YES_ERROR;
				CLANG_WARN_RANGE_LOOP_ANALYSIS = YES;
				CLANG_WARN_STRICT_PROTOTYPES = YES;
				CLANG_WARN_SUSPICIOUS_MOVE = YES;
				CLANG_WARN_UNGUARDED_AVAILABILITY = YES_AGGRESSIVE;
				CLANG_WARN_UNREACHABLE_CODE = YES;
				CLANG_WARN__DUPLICATE_METHOD_MATCH = YES;
				COPY_PHASE_STRIP = NO;
				DEBUG_INFORMATION_FORMAT = "dwarf-with-dsym";
				ENABLE_NS_ASSERTIONS = NO;
				ENABLE_STRICT_OBJC_MSGSEND = YES;
				GCC_C_LANGUAGE_STANDARD = gnu11;
				GCC_NO_COMMON_BLOCKS = YES;
				GCC_WARN_64_TO_32_BIT_CONVERSION = YES;
				GCC_WARN_ABOUT_RETURN_TYPE = YES_ERROR;
				GCC_WARN_UNDECLARED_SELECTOR = YES;
				GCC_WARN_UNINITIALIZED_AUTOS = YES_AGGRESSIVE;
				GCC_WARN_UNUSED_FUNCTION = YES;
				GCC_WARN_UNUSED_VARIABLE = YES;
				MTL_ENABLE_DEBUG_INFO = NO;
				MTL_FAST_MATH = YES;
				SDKROOT = appletvos;
				SWIFT_COMPILATION_MODE = wholemodule;
				SWIFT_OPTIMIZATION_LEVEL = "-O";
				TVOS_DEPLOYMENT_TARGET = 12.2;
				VALIDATE_PRODUCT = YES;
			};
			name = Release;
		};
		106D756922BE04B800257427 /* Debug */ = {
			isa = XCBuildConfiguration;
			baseConfigurationReference = F2564B31527BAA195AE42527 /* Pods-tvos-weather.debug.xcconfig */;
			buildSettings = {
				ASSETCATALOG_COMPILER_APPICON_NAME = "App Icon & Top Shelf Image";
				ASSETCATALOG_COMPILER_LAUNCHIMAGE_NAME = LaunchImage;
				CODE_SIGN_STYLE = Automatic;
				INFOPLIST_FILE = "tvos-weather/Info.plist";
				LD_RUNPATH_SEARCH_PATHS = (
					"$(inherited)",
					"@executable_path/Frameworks",
				);
				PRODUCT_BUNDLE_IDENTIFIER = "test.com.tvos-weather";
				PRODUCT_NAME = "$(TARGET_NAME)";
				SWIFT_VERSION = 5.0;
				TARGETED_DEVICE_FAMILY = 3;
			};
			name = Debug;
		};
		106D756A22BE04B800257427 /* Release */ = {
			isa = XCBuildConfiguration;
			baseConfigurationReference = AE739935001504009C2F2FCE /* Pods-tvos-weather.release.xcconfig */;
			buildSettings = {
				ASSETCATALOG_COMPILER_APPICON_NAME = "App Icon & Top Shelf Image";
				ASSETCATALOG_COMPILER_LAUNCHIMAGE_NAME = LaunchImage;
				CODE_SIGN_STYLE = Automatic;
				INFOPLIST_FILE = "tvos-weather/Info.plist";
				LD_RUNPATH_SEARCH_PATHS = (
					"$(inherited)",
					"@executable_path/Frameworks",
				);
				PRODUCT_BUNDLE_IDENTIFIER = "test.com.tvos-weather";
				PRODUCT_NAME = "$(TARGET_NAME)";
				SWIFT_VERSION = 5.0;
				TARGETED_DEVICE_FAMILY = 3;
			};
			name = Release;
		};
/* End XCBuildConfiguration section */

/* Begin XCConfigurationList section */
		106D755422BE04B700257427 /* Build configuration list for PBXProject "tvos-weather" */ = {
			isa = XCConfigurationList;
			buildConfigurations = (
				106D756622BE04B800257427 /* Debug */,
				106D756722BE04B800257427 /* Release */,
			);
			defaultConfigurationIsVisible = 0;
			defaultConfigurationName = Release;
		};
		106D756822BE04B800257427 /* Build configuration list for PBXNativeTarget "tvos-weather" */ = {
			isa = XCConfigurationList;
			buildConfigurations = (
				106D756922BE04B800257427 /* Debug */,
				106D756A22BE04B800257427 /* Release */,
			);
			defaultConfigurationIsVisible = 0;
			defaultConfigurationName = Release;
		};
/* End XCConfigurationList section */
	};
	rootObject = 106D755122BE04B700257427 /* Project object */;
}
